github.com/Raitfolt/le v0.0.0-20230809063258-b8d3751023f7 h1:U0IRnZbTgB0fuwWY6QcAYA66DO3auPn8YaN9dBLJqWc=
github.com/Raitfolt/le v0.0.0-20230809063258-b8d3751023f7/go.mod h1:gYeTwlkeJO1LFG287jxT+EPIqHbFCrKp0+h/ghsbB3E=
golang.org/x/net v0.14.0 h1:BONx9s002vGdD9umnlX1Po8vOZmrgH34qlHcD1MfK14=
golang.org/x/net v0.14.0/go.mod h1:PpSgVXXLK0OxS0F31C1/tv6XNguvCrnXIDrFMspZIUI=
